
Microsoft Visual Studio Solution File, Format Version 12.00
# Visual Studio 2012
Project("{FAE04EC0-301F-11D3-BF4B-00C04F79EFBC}") = "ShotShakr.Android", "ShakrLabs.ShotShakr\ShotShakr.Android.csproj", "{32731469-2A5C-4067-A280-0761794FD299}"
EndProject
Global
	GlobalSection(SolutionConfigurationPlatforms) = preSolution
		Debug|Any CPU = Debug|Any CPU
		Device Deploy|Any CPU = Device Deploy|Any CPU
		Release|Any CPU = Release|Any CPU
	EndGlobalSection
	GlobalSection(ProjectConfigurationPlatforms) = postSolution
		{32731469-2A5C-4067-A280-0761794FD299}.Debug|Any CPU.ActiveCfg = Debug|Any CPU
		{32731469-2A5C-4067-A280-0761794FD299}.Debug|Any CPU.Build.0 = Debug|Any CPU
		{32731469-2A5C-4067-A280-0761794FD299}.Debug|Any CPU.Deploy.0 = Debug|Any CPU
		{32731469-2A5C-4067-A280-0761794FD299}.Device Deploy|Any CPU.ActiveCfg = Debug|Any CPU
		{32731469-2A5C-4067-A280-0761794FD299}.Device Deploy|Any CPU.Build.0 = Debug|Any CPU
		{32731469-2A5C-4067-A280-0761794FD299}.Release|Any CPU.ActiveCfg = Release|Any CPU
		{32731469-2A5C-4067-A280-0761794FD299}.Release|Any CPU.Build.0 = Release|Any CPU
	EndGlobalSection
	GlobalSection(SolutionProperties) = preSolution
		HideSolutionNode = FALSE
	EndGlobalSection
EndGlobal
